
Microsoft Visual Studio Solution File, Format Version 12.00
# Visual Studio Version 17
VisualStudioVersion = 17.5.002.0
MinimumVisualStudioVersion = 10.0.40219.1
Project("{2150E333-8FDC-42A3-9474-1A3956D46DE8}") = "sandbox", "sandbox", "{2667BA2E-EF54-4008-A371-247DC0BFC774}"
EndProject
Project("{9A19103F-16F7-4668-BE54-9A1E7A4F7556}") = "sandbox_project", "sandbox\sandbox_project\sandbox_project.csproj", "{2B12978A-172A-47AD-8C27-66A8B1277607}"
EndProject
Project("{2150E333-8FDC-42A3-9474-1A3956D46DE8}") = "week01", "week01", "{CDFF6245-0DB7-446D-BEC9-4D8C70888F91}"
EndProject
Project("{9A19103F-16F7-4668-BE54-9A1E7A4F7556}") = "analyze", "week01\analyze\analyze.csproj", "{9CCA8424-7340-4C47-BA57-74BC00852C48}"
EndProject
Project("{9A19103F-16F7-4668-BE54-9A1E7A4F7556}") = "code", "week01\code\code.csproj", "{112FB142-A07F-403A-BAB8-AD28953BA025}"
EndProject
Project("{9A19103F-16F7-4668-BE54-9A1E7A4F7556}") = "teach", "week01\teach\teach.csproj", "{3593859D-2B53-48B2-B245-781DD842FE95}"
EndProject
Project("{2150E333-8FDC-42A3-9474-1A3956D46DE8}") = "week02", "week02", "{E88492FA-010C-4AF8-88D6-E8071BE0B046}"
EndProject
Project("{9A19103F-16F7-4668-BE54-9A1E7A4F7556}") = "analyze", "week02\analyze\analyze.csproj", "{D0EF543F-F95D-47D8-9A06-137958BAA162}"
EndProject
Project("{9A19103F-16F7-4668-BE54-9A1E7A4F7556}") = "code", "week02\code\code.csproj", "{B342440C-DB05-49C8-9814-86FC0A163BE1}"
EndProject
Project("{9A19103F-16F7-4668-BE54-9A1E7A4F7556}") = "learn", "week02\learn\learn.csproj", "{0DC04E86-0FA5-487E-AC13-9FC87DE96A3F}"
EndProject
Project("{9A19103F-16F7-4668-BE54-9A1E7A4F7556}") = "teach", "week02\teach\teach.csproj", "{5E8A9723-F79A-43BB-B7A4-38A11D43D1F7}"
EndProject
Project("{2150E333-8FDC-42A3-9474-1A3956D46DE8}") = "week03", "week03", "{6DB80C66-0672-40CE-B941-60D38B007AC4}"
EndProject
Project("{9A19103F-16F7-4668-BE54-9A1E7A4F7556}") = "code", "week03\code\code.csproj", "{B5497656-7EC6-4E07-9C7E-BE59016991D8}"
EndProject
Project("{9A19103F-16F7-4668-BE54-9A1E7A4F7556}") = "learn", "week03\learn\learn.csproj", "{0FC5824C-13BE-40E4-AB47-E6B52DF55CC2}"
EndProject
Project("{9A19103F-16F7-4668-BE54-9A1E7A4F7556}") = "teach", "week03\teach\teach.csproj", "{A949D14F-E822-41DD-96FC-5A5E23A2A947}"
EndProject
Project("{2150E333-8FDC-42A3-9474-1A3956D46DE8}") = "week04", "week04", "{3315D473-C902-40F6-ACFD-42F87417F196}"
EndProject
Project("{9A19103F-16F7-4668-BE54-9A1E7A4F7556}") = "code", "week04\code\code.csproj", "{F60EFE3E-4FE0-406D-B81C-4040E2A05725}"
EndProject
Project("{2150E333-8FDC-42A3-9474-1A3956D46DE8}") = "week05", "week05", "{60F6BE13-0B6D-441C-8948-2719940489A9}"
EndProject
Project("{9A19103F-16F7-4668-BE54-9A1E7A4F7556}") = "code", "week05\code\code.csproj", "{EA0FE130-D0D9-46E9-9ADA-D41597797384}"
EndProject
Project("{2150E333-8FDC-42A3-9474-1A3956D46DE8}") = "week06", "week06", "{F9393426-B1A8-4DAD-B63F-C4D88F11B0FE}"
EndProject
Project("{9A19103F-16F7-4668-BE54-9A1E7A4F7556}") = "code", "week06\code\code.csproj", "{F1B40684-7CAD-4254-9711-E6ACF7E30E00}"
EndProject
Global
	GlobalSection(SolutionConfigurationPlatforms) = preSolution
		Debug|Any CPU = Debug|Any CPU
		Release|Any CPU = Release|Any CPU
	EndGlobalSection
	GlobalSection(ProjectConfigurationPlatforms) = postSolution
		{2B12978A-172A-47AD-8C27-66A8B1277607}.Debug|Any CPU.ActiveCfg = Debug|Any CPU
		{2B12978A-172A-47AD-8C27-66A8B1277607}.Debug|Any CPU.Build.0 = Debug|Any CPU
		{2B12978A-172A-47AD-8C27-66A8B1277607}.Release|Any CPU.ActiveCfg = Release|Any CPU
		{2B12978A-172A-47AD-8C27-66A8B1277607}.Release|Any CPU.Build.0 = Release|Any CPU
		{9CCA8424-7340-4C47-BA57-74BC00852C48}.Debug|Any CPU.ActiveCfg = Debug|Any CPU
		{9CCA8424-7340-4C47-BA57-74BC00852C48}.Debug|Any CPU.Build.0 = Debug|Any CPU
		{9CCA8424-7340-4C47-BA57-74BC00852C48}.Release|Any CPU.ActiveCfg = Release|Any CPU
		{9CCA8424-7340-4C47-BA57-74BC00852C48}.Release|Any CPU.Build.0 = Release|Any CPU
		{112FB142-A07F-403A-BAB8-AD28953BA025}.Debug|Any CPU.ActiveCfg = Debug|Any CPU
		{112FB142-A07F-403A-BAB8-AD28953BA025}.Debug|Any CPU.Build.0 = Debug|Any CPU
		{112FB142-A07F-403A-BAB8-AD28953BA025}.Release|Any CPU.ActiveCfg = Release|Any CPU
		{112FB142-A07F-403A-BAB8-AD28953BA025}.Release|Any CPU.Build.0 = Release|Any CPU
		{3593859D-2B53-48B2-B245-781DD842FE95}.Debug|Any CPU.ActiveCfg = Debug|Any CPU
		{3593859D-2B53-48B2-B245-781DD842FE95}.Debug|Any CPU.Build.0 = Debug|Any CPU
		{3593859D-2B53-48B2-B245-781DD842FE95}.Release|Any CPU.ActiveCfg = Release|Any CPU
		{3593859D-2B53-48B2-B245-781DD842FE95}.Release|Any CPU.Build.0 = Release|Any CPU
		{D0EF543F-F95D-47D8-9A06-137958BAA162}.Debug|Any CPU.ActiveCfg = Debug|Any CPU
		{D0EF543F-F95D-47D8-9A06-137958BAA162}.Debug|Any CPU.Build.0 = Debug|Any CPU
		{D0EF543F-F95D-47D8-9A06-137958BAA162}.Release|Any CPU.ActiveCfg = Release|Any CPU
		{D0EF543F-F95D-47D8-9A06-137958BAA162}.Release|Any CPU.Build.0 = Release|Any CPU
		{B342440C-DB05-49C8-9814-86FC0A163BE1}.Debug|Any CPU.ActiveCfg = Debug|Any CPU
		{B342440C-DB05-49C8-9814-86FC0A163BE1}.Debug|Any CPU.Build.0 = Debug|Any CPU
		{B342440C-DB05-49C8-9814-86FC0A163BE1}.Release|Any CPU.ActiveCfg = Release|Any CPU
		{B342440C-DB05-49C8-9814-86FC0A163BE1}.Release|Any CPU.Build.0 = Release|Any CPU
		{0DC04E86-0FA5-487E-AC13-9FC87DE96A3F}.Debug|Any CPU.ActiveCfg = Debug|Any CPU
		{0DC04E86-0FA5-487E-AC13-9FC87DE96A3F}.Debug|Any CPU.Build.0 = Debug|Any CPU
		{0DC04E86-0FA5-487E-AC13-9FC87DE96A3F}.Release|Any CPU.ActiveCfg = Release|Any CPU
		{0DC04E86-0FA5-487E-AC13-9FC87DE96A3F}.Release|Any CPU.Build.0 = Release|Any CPU
		{5E8A9723-F79A-43BB-B7A4-38A11D43D1F7}.Debug|Any CPU.ActiveCfg = Debug|Any CPU
		{5E8A9723-F79A-43BB-B7A4-38A11D43D1F7}.Debug|Any CPU.Build.0 = Debug|Any CPU
		{5E8A9723-F79A-43BB-B7A4-38A11D43D1F7}.Release|Any CPU.ActiveCfg = Release|Any CPU
		{5E8A9723-F79A-43BB-B7A4-38A11D43D1F7}.Release|Any CPU.Build.0 = Release|Any CPU
		{B5497656-7EC6-4E07-9C7E-BE59016991D8}.Debug|Any CPU.ActiveCfg = Debug|Any CPU
		{B5497656-7EC6-4E07-9C7E-BE59016991D8}.Debug|Any CPU.Build.0 = Debug|Any CPU
		{B5497656-7EC6-4E07-9C7E-BE59016991D8}.Release|Any CPU.ActiveCfg = Release|Any CPU
		{B5497656-7EC6-4E07-9C7E-BE59016991D8}.Release|Any CPU.Build.0 = Release|Any CPU
		{0FC5824C-13BE-40E4-AB47-E6B52DF55CC2}.Debug|Any CPU.ActiveCfg = Debug|Any CPU
		{0FC5824C-13BE-40E4-AB47-E6B52DF55CC2}.Debug|Any CPU.Build.0 = Debug|Any CPU
		{0FC5824C-13BE-40E4-AB47-E6B52DF55CC2}.Release|Any CPU.ActiveCfg = Release|Any CPU
		{0FC5824C-13BE-40E4-AB47-E6B52DF55CC2}.Release|Any CPU.Build.0 = Release|Any CPU
		{A949D14F-E822-41DD-96FC-5A5E23A2A947}.Debug|Any CPU.ActiveCfg = Debug|Any CPU
		{A949D14F-E822-41DD-96FC-5A5E23A2A947}.Debug|Any CPU.Build.0 = Debug|Any CPU
		{A949D14F-E822-41DD-96FC-5A5E23A2A947}.Release|Any CPU.ActiveCfg = Release|Any CPU
		{A949D14F-E822-41DD-96FC-5A5E23A2A947}.Release|Any CPU.Build.0 = Release|Any CPU
		{F60EFE3E-4FE0-406D-B81C-4040E2A05725}.Debug|Any CPU.ActiveCfg = Debug|Any CPU
		{F60EFE3E-4FE0-406D-B81C-4040E2A05725}.Debug|Any CPU.Build.0 = Debug|Any CPU
		{F60EFE3E-4FE0-406D-B81C-4040E2A05725}.Release|Any CPU.ActiveCfg = Release|Any CPU
		{F60EFE3E-4FE0-406D-B81C-4040E2A05725}.Release|Any CPU.Build.0 = Release|Any CPU
		{EA0FE130-D0D9-46E9-9ADA-D41597797384}.Debug|Any CPU.ActiveCfg = Debug|Any CPU
		{EA0FE130-D0D9-46E9-9ADA-D41597797384}.Debug|Any CPU.Build.0 = Debug|Any CPU
		{EA0FE130-D0D9-46E9-9ADA-D41597797384}.Release|Any CPU.ActiveCfg = Release|Any CPU
		{EA0FE130-D0D9-46E9-9ADA-D41597797384}.Release|Any CPU.Build.0 = Release|Any CPU
		{F1B40684-7CAD-4254-9711-E6ACF7E30E00}.Debug|Any CPU.ActiveCfg = Debug|Any CPU
		{F1B40684-7CAD-4254-9711-E6ACF7E30E00}.Debug|Any CPU.Build.0 = Debug|Any CPU
		{F1B40684-7CAD-4254-9711-E6ACF7E30E00}.Release|Any CPU.ActiveCfg = Release|Any CPU
		{F1B40684-7CAD-4254-9711-E6ACF7E30E00}.Release|Any CPU.Build.0 = Release|Any CPU
	EndGlobalSection
	GlobalSection(SolutionProperties) = preSolution
		HideSolutionNode = FALSE
	EndGlobalSection
	GlobalSection(NestedProjects) = preSolution
		{2B12978A-172A-47AD-8C27-66A8B1277607} = {2667BA2E-EF54-4008-A371-247DC0BFC774}
		{9CCA8424-7340-4C47-BA57-74BC00852C48} = {CDFF6245-0DB7-446D-BEC9-4D8C70888F91}
		{112FB142-A07F-403A-BAB8-AD28953BA025} = {CDFF6245-0DB7-446D-BEC9-4D8C70888F91}
		{3593859D-2B53-48B2-B245-781DD842FE95} = {CDFF6245-0DB7-446D-BEC9-4D8C70888F91}
		{D0EF543F-F95D-47D8-9A06-137958BAA162} = {E88492FA-010C-4AF8-88D6-E8071BE0B046}
		{B342440C-DB05-49C8-9814-86FC0A163BE1} = {E88492FA-010C-4AF8-88D6-E8071BE0B046}
		{0DC04E86-0FA5-487E-AC13-9FC87DE96A3F} = {E88492FA-010C-4AF8-88D6-E8071BE0B046}
		{5E8A9723-F79A-43BB-B7A4-38A11D43D1F7} = {E88492FA-010C-4AF8-88D6-E8071BE0B046}
		{B5497656-7EC6-4E07-9C7E-BE59016991D8} = {6DB80C66-0672-40CE-B941-60D38B007AC4}
		{0FC5824C-13BE-40E4-AB47-E6B52DF55CC2} = {6DB80C66-0672-40CE-B941-60D38B007AC4}
		{A949D14F-E822-41DD-96FC-5A5E23A2A947} = {6DB80C66-0672-40CE-B941-60D38B007AC4}
		{F60EFE3E-4FE0-406D-B81C-4040E2A05725} = {3315D473-C902-40F6-ACFD-42F87417F196}
		{EA0FE130-D0D9-46E9-9ADA-D41597797384} = {60F6BE13-0B6D-441C-8948-2719940489A9}
		{F1B40684-7CAD-4254-9711-E6ACF7E30E00} = {F9393426-B1A8-4DAD-B63F-C4D88F11B0FE}
	EndGlobalSection
	GlobalSection(ExtensibilityGlobals) = postSolution
		SolutionGuid = {5701F889-75AA-4CE9-AAD6-735468736300}
	EndGlobalSection
EndGlobal
